
Microsoft Visual Studio Solution File, Format Version 12.00
# Visual Studio Version 17
VisualStudioVersion = 17.13.35825.156
MinimumVisualStudioVersion = 10.0.40219.1
Project("{FAE04EC0-301F-11D3-BF4B-00C04F79EFBC}") = "RapidPay.API", "RapidPay.API\RapidPay.API.csproj", "{6178DAE6-588F-43D6-927B-71CC9F7F61A6}"
EndProject
Project("{FAE04EC0-301F-11D3-BF4B-00C04F79EFBC}") = "RapidPay.Domain", "RapidPay.Domain\RapidPay.Domain.csproj", "{64A65847-D3B8-F040-1FB7-8FA6AF57F666}"
EndProject
Project("{FAE04EC0-301F-11D3-BF4B-00C04F79EFBC}") = "RapidPay.Application", "RapidPay.Application\RapidPay.Application.csproj", "{A11BCE52-6664-0665-307A-B4A4927988DC}"
EndProject
Project("{FAE04EC0-301F-11D3-BF4B-00C04F79EFBC}") = "RapidPay.Infrastructure", "RapidPay.Infrastructure\RapidPay.Infrastructure.csproj", "{6646D77A-99B2-4310-B876-98F85950FFB2}"
EndProject
Project("{FAE04EC0-301F-11D3-BF4B-00C04F79EFBC}") = "RapidPay.Tests", "RapidPay.Tests\RapidPay.Tests.csproj", "{5A187EF5-9AC1-71D6-2BB5-0FEF758A7F45}"
EndProject
Global
	GlobalSection(SolutionConfigurationPlatforms) = preSolution
		Debug|Any CPU = Debug|Any CPU
		Release|Any CPU = Release|Any CPU
	EndGlobalSection
	GlobalSection(ProjectConfigurationPlatforms) = postSolution
		{6178DAE6-588F-43D6-927B-71CC9F7F61A6}.Debug|Any CPU.ActiveCfg = Debug|Any CPU
		{6178DAE6-588F-43D6-927B-71CC9F7F61A6}.Debug|Any CPU.Build.0 = Debug|Any CPU
		{6178DAE6-588F-43D6-927B-71CC9F7F61A6}.Release|Any CPU.ActiveCfg = Release|Any CPU
		{6178DAE6-588F-43D6-927B-71CC9F7F61A6}.Release|Any CPU.Build.0 = Release|Any CPU
		{64A65847-D3B8-F040-1FB7-8FA6AF57F666}.Debug|Any CPU.ActiveCfg = Debug|Any CPU
		{64A65847-D3B8-F040-1FB7-8FA6AF57F666}.Debug|Any CPU.Build.0 = Debug|Any CPU
		{64A65847-D3B8-F040-1FB7-8FA6AF57F666}.Release|Any CPU.ActiveCfg = Release|Any CPU
		{64A65847-D3B8-F040-1FB7-8FA6AF57F666}.Release|Any CPU.Build.0 = Release|Any CPU
		{A11BCE52-6664-0665-307A-B4A4927988DC}.Debug|Any CPU.ActiveCfg = Debug|Any CPU
		{A11BCE52-6664-0665-307A-B4A4927988DC}.Debug|Any CPU.Build.0 = Debug|Any CPU
		{A11BCE52-6664-0665-307A-B4A4927988DC}.Release|Any CPU.ActiveCfg = Release|Any CPU
		{A11BCE52-6664-0665-307A-B4A4927988DC}.Release|Any CPU.Build.0 = Release|Any CPU
		{6646D77A-99B2-4310-B876-98F85950FFB2}.Debug|Any CPU.ActiveCfg = Debug|Any CPU
		{6646D77A-99B2-4310-B876-98F85950FFB2}.Debug|Any CPU.Build.0 = Debug|Any CPU
		{6646D77A-99B2-4310-B876-98F85950FFB2}.Release|Any CPU.ActiveCfg = Release|Any CPU
		{6646D77A-99B2-4310-B876-98F85950FFB2}.Release|Any CPU.Build.0 = Release|Any CPU
		{5A187EF5-9AC1-71D6-2BB5-0FEF758A7F45}.Debug|Any CPU.ActiveCfg = Debug|Any CPU
		{5A187EF5-9AC1-71D6-2BB5-0FEF758A7F45}.Debug|Any CPU.Build.0 = Debug|Any CPU
		{5A187EF5-9AC1-71D6-2BB5-0FEF758A7F45}.Release|Any CPU.ActiveCfg = Release|Any CPU
		{5A187EF5-9AC1-71D6-2BB5-0FEF758A7F45}.Release|Any CPU.Build.0 = Release|Any CPU
	EndGlobalSection
	GlobalSection(SolutionProperties) = preSolution
		HideSolutionNode = FALSE
	EndGlobalSection
	GlobalSection(ExtensibilityGlobals) = postSolution
		SolutionGuid = {E943DC76-6EF0-4F75-A681-83F494B5C96B}
	EndGlobalSection
EndGlobal
